
Microsoft Visual Studio Solution File, Format Version 12.00
# Visual Studio Version 17
VisualStudioVersion = 17.8.34330.188
MinimumVisualStudioVersion = 10.0.40219.1
Project("{FAE04EC0-301F-11D3-BF4B-00C04F79EFBC}") = "GOLF_WAREHOUSE_POS_WEB_API", "GOLF_WAREHOUSE_POS_WEB_API\GOLF_WAREHOUSE_POS_WEB_API.csproj", "{BE45DA0B-3196-41EC-891D-0B1ACE2ECC0D}"
EndProject
Global
	GlobalSection(SolutionConfigurationPlatforms) = preSolution
		Debug|Any CPU = Debug|Any CPU
		Release|Any CPU = Release|Any CPU
	EndGlobalSection
	GlobalSection(ProjectConfigurationPlatforms) = postSolution
		{BE45DA0B-3196-41EC-891D-0B1ACE2ECC0D}.Debug|Any CPU.ActiveCfg = Debug|Any CPU
		{BE45DA0B-3196-41EC-891D-0B1ACE2ECC0D}.Debug|Any CPU.Build.0 = Debug|Any CPU
		{BE45DA0B-3196-41EC-891D-0B1ACE2ECC0D}.Release|Any CPU.ActiveCfg = Release|Any CPU
		{BE45DA0B-3196-41EC-891D-0B1ACE2ECC0D}.Release|Any CPU.Build.0 = Release|Any CPU
	EndGlobalSection
	GlobalSection(SolutionProperties) = preSolution
		HideSolutionNode = FALSE
	EndGlobalSection
	GlobalSection(ExtensibilityGlobals) = postSolution
		SolutionGuid = {A0C042C6-31DB-4719-9515-4AC8856CD2F0}
	EndGlobalSection
EndGlobal
